
Microsoft Visual Studio Solution File, Format Version 12.00
# Visual Studio 15
VisualStudioVersion = 15.0.26124.0
MinimumVisualStudioVersion = 15.0.26124.0
Project("{2150E333-8FDC-42A3-9474-1A3956D46DE8}") = "src", "src", "{3BF56A5B-20D9-4A2B-94B6-C1C2A6AB444E}"
EndProject
Project("{F2A71F9B-5D33-465A-A702-920D77279786}") = "FsAutoComplete", "src\FsAutoComplete.netcore\FsAutoComplete.fsproj", "{A1213D84-6BB1-4C92-99AC-53A6C8F2E0A7}"
EndProject
Project("{F2A71F9B-5D33-465A-A702-920D77279786}") = "FsAutoComplete.Core", "src\FsAutoComplete.Core.netcore\FsAutoComplete.Core.fsproj", "{70D76F8C-2B0D-43B7-8A80-46EC355E68C8}"
EndProject
Project("{2150E333-8FDC-42A3-9474-1A3956D46DE8}") = "test", "test", "{A6B07596-9854-4E9D-BA7E-41B21324EB27}"
EndProject
Project("{F2A71F9B-5D33-465A-A702-920D77279786}") = "FsAutoComplete.Tests", "test\FsAutoComplete.Tests.netcore\FsAutoComplete.Tests.fsproj", "{9C83F8C4-226C-4608-B942-DF9C5A5E3BC5}"
EndProject
Project("{F2A71F9B-5D33-465A-A702-920D77279786}") = "FsAutoComplete.Core.VerboseSdkHelper", "src\FsAutoComplete.Core.VerboseSdkHelper.netcore\FsAutoComplete.Core.VerboseSdkHelper.fsproj", "{CBC5A8FC-9FCA-4B77-9654-EBF459CBE199}"
EndProject
Project("{F2A71F9B-5D33-465A-A702-920D77279786}") = "FsAutoComplete.SymbolCache", "src\FsAutoComplete.SymbolCache.netcore\FsAutoComplete.SymbolCache.fsproj", "{3AE682EF-7F14-4E9A-B0B5-EAB35EC7FE00}"
EndProject
Global
	GlobalSection(SolutionConfigurationPlatforms) = preSolution
		Debug|Any CPU = Debug|Any CPU
		Debug|x64 = Debug|x64
		Debug|x86 = Debug|x86
		Release|Any CPU = Release|Any CPU
		Release|x64 = Release|x64
		Release|x86 = Release|x86
	EndGlobalSection
	GlobalSection(SolutionProperties) = preSolution
		HideSolutionNode = FALSE
	EndGlobalSection
	GlobalSection(ProjectConfigurationPlatforms) = postSolution
		{A1213D84-6BB1-4C92-99AC-53A6C8F2E0A7}.Debug|Any CPU.ActiveCfg = Debug|Any CPU
		{A1213D84-6BB1-4C92-99AC-53A6C8F2E0A7}.Debug|Any CPU.Build.0 = Debug|Any CPU
		{A1213D84-6BB1-4C92-99AC-53A6C8F2E0A7}.Debug|x64.ActiveCfg = Debug|x64
		{A1213D84-6BB1-4C92-99AC-53A6C8F2E0A7}.Debug|x64.Build.0 = Debug|x64
		{A1213D84-6BB1-4C92-99AC-53A6C8F2E0A7}.Debug|x86.ActiveCfg = Debug|x86
		{A1213D84-6BB1-4C92-99AC-53A6C8F2E0A7}.Debug|x86.Build.0 = Debug|x86
		{A1213D84-6BB1-4C92-99AC-53A6C8F2E0A7}.Release|Any CPU.ActiveCfg = Release|Any CPU
		{A1213D84-6BB1-4C92-99AC-53A6C8F2E0A7}.Release|Any CPU.Build.0 = Release|Any CPU
		{A1213D84-6BB1-4C92-99AC-53A6C8F2E0A7}.Release|x64.ActiveCfg = Release|x64
		{A1213D84-6BB1-4C92-99AC-53A6C8F2E0A7}.Release|x64.Build.0 = Release|x64
		{A1213D84-6BB1-4C92-99AC-53A6C8F2E0A7}.Release|x86.ActiveCfg = Release|x86
		{A1213D84-6BB1-4C92-99AC-53A6C8F2E0A7}.Release|x86.Build.0 = Release|x86
		{70D76F8C-2B0D-43B7-8A80-46EC355E68C8}.Debug|Any CPU.ActiveCfg = Debug|Any CPU
		{70D76F8C-2B0D-43B7-8A80-46EC355E68C8}.Debug|Any CPU.Build.0 = Debug|Any CPU
		{70D76F8C-2B0D-43B7-8A80-46EC355E68C8}.Debug|x64.ActiveCfg = Debug|x64
		{70D76F8C-2B0D-43B7-8A80-46EC355E68C8}.Debug|x64.Build.0 = Debug|x64
		{70D76F8C-2B0D-43B7-8A80-46EC355E68C8}.Debug|x86.ActiveCfg = Debug|x86
		{70D76F8C-2B0D-43B7-8A80-46EC355E68C8}.Debug|x86.Build.0 = Debug|x86
		{70D76F8C-2B0D-43B7-8A80-46EC355E68C8}.Release|Any CPU.ActiveCfg = Release|Any CPU
		{70D76F8C-2B0D-43B7-8A80-46EC355E68C8}.Release|Any CPU.Build.0 = Release|Any CPU
		{70D76F8C-2B0D-43B7-8A80-46EC355E68C8}.Release|x64.ActiveCfg = Release|x64
		{70D76F8C-2B0D-43B7-8A80-46EC355E68C8}.Release|x64.Build.0 = Release|x64
		{70D76F8C-2B0D-43B7-8A80-46EC355E68C8}.Release|x86.ActiveCfg = Release|x86
		{70D76F8C-2B0D-43B7-8A80-46EC355E68C8}.Release|x86.Build.0 = Release|x86
		{9C83F8C4-226C-4608-B942-DF9C5A5E3BC5}.Debug|Any CPU.ActiveCfg = Debug|Any CPU
		{9C83F8C4-226C-4608-B942-DF9C5A5E3BC5}.Debug|Any CPU.Build.0 = Debug|Any CPU
		{9C83F8C4-226C-4608-B942-DF9C5A5E3BC5}.Debug|x64.ActiveCfg = Debug|x64
		{9C83F8C4-226C-4608-B942-DF9C5A5E3BC5}.Debug|x64.Build.0 = Debug|x64
		{9C83F8C4-226C-4608-B942-DF9C5A5E3BC5}.Debug|x86.ActiveCfg = Debug|x86
		{9C83F8C4-226C-4608-B942-DF9C5A5E3BC5}.Debug|x86.Build.0 = Debug|x86
		{9C83F8C4-226C-4608-B942-DF9C5A5E3BC5}.Release|Any CPU.ActiveCfg = Release|Any CPU
		{9C83F8C4-226C-4608-B942-DF9C5A5E3BC5}.Release|Any CPU.Build.0 = Release|Any CPU
		{9C83F8C4-226C-4608-B942-DF9C5A5E3BC5}.Release|x64.ActiveCfg = Release|x64
		{9C83F8C4-226C-4608-B942-DF9C5A5E3BC5}.Release|x64.Build.0 = Release|x64
		{9C83F8C4-226C-4608-B942-DF9C5A5E3BC5}.Release|x86.ActiveCfg = Release|x86
		{9C83F8C4-226C-4608-B942-DF9C5A5E3BC5}.Release|x86.Build.0 = Release|x86
		{CBC5A8FC-9FCA-4B77-9654-EBF459CBE199}.Debug|Any CPU.ActiveCfg = Debug|Any CPU
		{CBC5A8FC-9FCA-4B77-9654-EBF459CBE199}.Debug|Any CPU.Build.0 = Debug|Any CPU
		{CBC5A8FC-9FCA-4B77-9654-EBF459CBE199}.Debug|x64.ActiveCfg = Debug|x64
		{CBC5A8FC-9FCA-4B77-9654-EBF459CBE199}.Debug|x64.Build.0 = Debug|x64
		{CBC5A8FC-9FCA-4B77-9654-EBF459CBE199}.Debug|x86.ActiveCfg = Debug|x86
		{CBC5A8FC-9FCA-4B77-9654-EBF459CBE199}.Debug|x86.Build.0 = Debug|x86
		{CBC5A8FC-9FCA-4B77-9654-EBF459CBE199}.Release|Any CPU.ActiveCfg = Release|Any CPU
		{CBC5A8FC-9FCA-4B77-9654-EBF459CBE199}.Release|Any CPU.Build.0 = Release|Any CPU
		{CBC5A8FC-9FCA-4B77-9654-EBF459CBE199}.Release|x64.ActiveCfg = Release|x64
		{CBC5A8FC-9FCA-4B77-9654-EBF459CBE199}.Release|x64.Build.0 = Release|x64
		{CBC5A8FC-9FCA-4B77-9654-EBF459CBE199}.Release|x86.ActiveCfg = Release|x86
		{CBC5A8FC-9FCA-4B77-9654-EBF459CBE199}.Release|x86.Build.0 = Release|x86
		{3AE682EF-7F14-4E9A-B0B5-EAB35EC7FE00}.Debug|Any CPU.ActiveCfg = Debug|Any CPU
		{3AE682EF-7F14-4E9A-B0B5-EAB35EC7FE00}.Debug|Any CPU.Build.0 = Debug|Any CPU
		{3AE682EF-7F14-4E9A-B0B5-EAB35EC7FE00}.Debug|x64.ActiveCfg = Debug|Any CPU
		{3AE682EF-7F14-4E9A-B0B5-EAB35EC7FE00}.Debug|x64.Build.0 = Debug|Any CPU
		{3AE682EF-7F14-4E9A-B0B5-EAB35EC7FE00}.Debug|x86.ActiveCfg = Debug|Any CPU
		{3AE682EF-7F14-4E9A-B0B5-EAB35EC7FE00}.Debug|x86.Build.0 = Debug|Any CPU
		{3AE682EF-7F14-4E9A-B0B5-EAB35EC7FE00}.Release|Any CPU.ActiveCfg = Release|Any CPU
		{3AE682EF-7F14-4E9A-B0B5-EAB35EC7FE00}.Release|Any CPU.Build.0 = Release|Any CPU
		{3AE682EF-7F14-4E9A-B0B5-EAB35EC7FE00}.Release|x64.ActiveCfg = Release|Any CPU
		{3AE682EF-7F14-4E9A-B0B5-EAB35EC7FE00}.Release|x64.Build.0 = Release|Any CPU
		{3AE682EF-7F14-4E9A-B0B5-EAB35EC7FE00}.Release|x86.ActiveCfg = Release|Any CPU
		{3AE682EF-7F14-4E9A-B0B5-EAB35EC7FE00}.Release|x86.Build.0 = Release|Any CPU
	EndGlobalSection
	GlobalSection(NestedProjects) = preSolution
		{A1213D84-6BB1-4C92-99AC-53A6C8F2E0A7} = {3BF56A5B-20D9-4A2B-94B6-C1C2A6AB444E}
		{70D76F8C-2B0D-43B7-8A80-46EC355E68C8} = {3BF56A5B-20D9-4A2B-94B6-C1C2A6AB444E}
		{9C83F8C4-226C-4608-B942-DF9C5A5E3BC5} = {A6B07596-9854-4E9D-BA7E-41B21324EB27}
		{CBC5A8FC-9FCA-4B77-9654-EBF459CBE199} = {3BF56A5B-20D9-4A2B-94B6-C1C2A6AB444E}
		{3AE682EF-7F14-4E9A-B0B5-EAB35EC7FE00} = {3BF56A5B-20D9-4A2B-94B6-C1C2A6AB444E}
	EndGlobalSection
EndGlobal
