
Microsoft Visual Studio Solution File, Format Version 12.00
# Visual Studio Version 16
VisualStudioVersion = 16.0.28803.452
MinimumVisualStudioVersion = 10.0.40219.1
Project("{2150E333-8FDC-42A3-9474-1A3956D46DE8}") = ".paket", ".paket", "{1BE8AF57-B314-4C92-82A9-64CD9B7A4990}"
	ProjectSection(SolutionItems) = preProject
		paket.dependencies = paket.dependencies
		paket.lock = paket.lock
	EndProjectSection
EndProject
Project("{6EC3EE1D-3C4E-46DD-8F32-0CC8E7565705}") = "FsAutoComplete", "src\FsAutoComplete\FsAutoComplete.fsproj", "{B6AB4EF3-8F60-41A1-AB0C-851A6DEB169E}"
EndProject
Project("{6EC3EE1D-3C4E-46DD-8F32-0CC8E7565705}") = "FsAutoComplete.Core", "src\FsAutoComplete.Core\FsAutoComplete.Core.fsproj", "{4E4786F3-4566-44E1-8787-91790007F0F6}"
EndProject
Project("{2150E333-8FDC-42A3-9474-1A3956D46DE8}") = "test", "test", "{443E0B8D-9AD0-436E-A331-E8CC12965F07}"
EndProject
Project("{6EC3EE1D-3C4E-46DD-8F32-0CC8E7565705}") = "FsAutoComplete.Tests.Lsp", "test\FsAutoComplete.Tests.Lsp\FsAutoComplete.Tests.Lsp.fsproj", "{6FE2E08A-9F3F-4C7C-B190-77C46AE147D7}"
EndProject
Project("{2150E333-8FDC-42A3-9474-1A3956D46DE8}") = "src", "src", "{BA56455D-4AEA-45FC-A569-027A68A76BA6}"
EndProject
Project("{F2A71F9B-5D33-465A-A702-920D77279786}") = "FsAutoComplete.Logging", "src\FsAutoComplete.Logging\FsAutoComplete.Logging.fsproj", "{38C1F619-3E1E-4784-9833-E8A2AA95CDAE}"
EndProject
Project("{F2A71F9B-5D33-465A-A702-920D77279786}") = "OptionAnalyzer", "test\OptionAnalyzer\OptionAnalyzer.fsproj", "{14C55B44-2063-4891-98BE-8184CAB1BE87}"
EndProject
Project("{F2A71F9B-5D33-465A-A702-920D77279786}") = "FsAutoComplete.DependencyManager.Dummy", "test\FsAutoComplete.DependencyManager.Dummy\FsAutoComplete.DependencyManager.Dummy.fsproj", "{C58701B0-D8E3-4B68-A7DE-8524C95F86C0}"
EndProject
Project("{F2A71F9B-5D33-465A-A702-920D77279786}") = "benchmarks", "benchmarks\benchmarks.fsproj", "{0CD029D8-B39E-4CBE-A190-C84A7A811180}"
EndProject
Project("{F2A71F9B-5D33-465A-A702-920D77279786}") = "FsAutoComplete.Tests.TestExplorer", "test\FsAutoComplete.Tests.TestExplorer\FsAutoComplete.Tests.TestExplorer.fsproj", "{C6CE23AF-EDCE-49ED-AC2F-8AD595C30CD8}"
EndProject
Project("{2150E333-8FDC-42A3-9474-1A3956D46DE8}") = "SampleTestProjects", "SampleTestProjects", "{B093584B-EEA2-D526-B6EB-76B356047302}"
EndProject
Project("{F2A71F9B-5D33-465A-A702-920D77279786}") = "VSTest.XUnit.Tests", "test\SampleTestProjects\VSTest.XUnit.Tests\VSTest.XUnit.Tests.fsproj", "{2C67BFBE-0963-4BD6-B292-7CF838C153C3}"
EndProject
Project("{F2A71F9B-5D33-465A-A702-920D77279786}") = "VSTest.XUnit.RunResults", "test\SampleTestProjects\VSTest.XUnit.RunResults\VSTest.XUnit.RunResults.fsproj", "{C7B0B178-79BD-4071-B134-17ABA3168EC4}"
EndProject
Global
	GlobalSection(SolutionConfigurationPlatforms) = preSolution
		Debug|Any CPU = Debug|Any CPU
		Debug|x64 = Debug|x64
		Debug|x86 = Debug|x86
		Release|Any CPU = Release|Any CPU
		Release|x64 = Release|x64
		Release|x86 = Release|x86
	EndGlobalSection
	GlobalSection(ProjectConfigurationPlatforms) = postSolution
		{B6AB4EF3-8F60-41A1-AB0C-851A6DEB169E}.Debug|Any CPU.ActiveCfg = Debug|Any CPU
		{B6AB4EF3-8F60-41A1-AB0C-851A6DEB169E}.Debug|Any CPU.Build.0 = Debug|Any CPU
		{B6AB4EF3-8F60-41A1-AB0C-851A6DEB169E}.Debug|x64.ActiveCfg = Debug|Any CPU
		{B6AB4EF3-8F60-41A1-AB0C-851A6DEB169E}.Debug|x64.Build.0 = Debug|Any CPU
		{B6AB4EF3-8F60-41A1-AB0C-851A6DEB169E}.Debug|x86.ActiveCfg = Debug|Any CPU
		{B6AB4EF3-8F60-41A1-AB0C-851A6DEB169E}.Debug|x86.Build.0 = Debug|Any CPU
		{B6AB4EF3-8F60-41A1-AB0C-851A6DEB169E}.Release|Any CPU.ActiveCfg = Release|Any CPU
		{B6AB4EF3-8F60-41A1-AB0C-851A6DEB169E}.Release|Any CPU.Build.0 = Release|Any CPU
		{B6AB4EF3-8F60-41A1-AB0C-851A6DEB169E}.Release|x64.ActiveCfg = Release|Any CPU
		{B6AB4EF3-8F60-41A1-AB0C-851A6DEB169E}.Release|x64.Build.0 = Release|Any CPU
		{B6AB4EF3-8F60-41A1-AB0C-851A6DEB169E}.Release|x86.ActiveCfg = Release|Any CPU
		{B6AB4EF3-8F60-41A1-AB0C-851A6DEB169E}.Release|x86.Build.0 = Release|Any CPU
		{4E4786F3-4566-44E1-8787-91790007F0F6}.Debug|Any CPU.ActiveCfg = Debug|Any CPU
		{4E4786F3-4566-44E1-8787-91790007F0F6}.Debug|Any CPU.Build.0 = Debug|Any CPU
		{4E4786F3-4566-44E1-8787-91790007F0F6}.Debug|x64.ActiveCfg = Debug|Any CPU
		{4E4786F3-4566-44E1-8787-91790007F0F6}.Debug|x64.Build.0 = Debug|Any CPU
		{4E4786F3-4566-44E1-8787-91790007F0F6}.Debug|x86.ActiveCfg = Debug|Any CPU
		{4E4786F3-4566-44E1-8787-91790007F0F6}.Debug|x86.Build.0 = Debug|Any CPU
		{4E4786F3-4566-44E1-8787-91790007F0F6}.Release|Any CPU.ActiveCfg = Release|Any CPU
		{4E4786F3-4566-44E1-8787-91790007F0F6}.Release|Any CPU.Build.0 = Release|Any CPU
		{4E4786F3-4566-44E1-8787-91790007F0F6}.Release|x64.ActiveCfg = Release|Any CPU
		{4E4786F3-4566-44E1-8787-91790007F0F6}.Release|x64.Build.0 = Release|Any CPU
		{4E4786F3-4566-44E1-8787-91790007F0F6}.Release|x86.ActiveCfg = Release|Any CPU
		{4E4786F3-4566-44E1-8787-91790007F0F6}.Release|x86.Build.0 = Release|Any CPU
		{6FE2E08A-9F3F-4C7C-B190-77C46AE147D7}.Debug|Any CPU.ActiveCfg = Debug|Any CPU
		{6FE2E08A-9F3F-4C7C-B190-77C46AE147D7}.Debug|Any CPU.Build.0 = Debug|Any CPU
		{6FE2E08A-9F3F-4C7C-B190-77C46AE147D7}.Debug|x64.ActiveCfg = Debug|Any CPU
		{6FE2E08A-9F3F-4C7C-B190-77C46AE147D7}.Debug|x64.Build.0 = Debug|Any CPU
		{6FE2E08A-9F3F-4C7C-B190-77C46AE147D7}.Debug|x86.ActiveCfg = Debug|Any CPU
		{6FE2E08A-9F3F-4C7C-B190-77C46AE147D7}.Debug|x86.Build.0 = Debug|Any CPU
		{6FE2E08A-9F3F-4C7C-B190-77C46AE147D7}.Release|Any CPU.ActiveCfg = Release|Any CPU
		{6FE2E08A-9F3F-4C7C-B190-77C46AE147D7}.Release|Any CPU.Build.0 = Release|Any CPU
		{6FE2E08A-9F3F-4C7C-B190-77C46AE147D7}.Release|x64.ActiveCfg = Release|Any CPU
		{6FE2E08A-9F3F-4C7C-B190-77C46AE147D7}.Release|x64.Build.0 = Release|Any CPU
		{6FE2E08A-9F3F-4C7C-B190-77C46AE147D7}.Release|x86.ActiveCfg = Release|Any CPU
		{6FE2E08A-9F3F-4C7C-B190-77C46AE147D7}.Release|x86.Build.0 = Release|Any CPU
		{38C1F619-3E1E-4784-9833-E8A2AA95CDAE}.Debug|Any CPU.ActiveCfg = Debug|Any CPU
		{38C1F619-3E1E-4784-9833-E8A2AA95CDAE}.Debug|Any CPU.Build.0 = Debug|Any CPU
		{38C1F619-3E1E-4784-9833-E8A2AA95CDAE}.Debug|x64.ActiveCfg = Debug|Any CPU
		{38C1F619-3E1E-4784-9833-E8A2AA95CDAE}.Debug|x64.Build.0 = Debug|Any CPU
		{38C1F619-3E1E-4784-9833-E8A2AA95CDAE}.Debug|x86.ActiveCfg = Debug|Any CPU
		{38C1F619-3E1E-4784-9833-E8A2AA95CDAE}.Debug|x86.Build.0 = Debug|Any CPU
		{38C1F619-3E1E-4784-9833-E8A2AA95CDAE}.Release|Any CPU.ActiveCfg = Release|Any CPU
		{38C1F619-3E1E-4784-9833-E8A2AA95CDAE}.Release|Any CPU.Build.0 = Release|Any CPU
		{38C1F619-3E1E-4784-9833-E8A2AA95CDAE}.Release|x64.ActiveCfg = Release|Any CPU
		{38C1F619-3E1E-4784-9833-E8A2AA95CDAE}.Release|x64.Build.0 = Release|Any CPU
		{38C1F619-3E1E-4784-9833-E8A2AA95CDAE}.Release|x86.ActiveCfg = Release|Any CPU
		{38C1F619-3E1E-4784-9833-E8A2AA95CDAE}.Release|x86.Build.0 = Release|Any CPU
		{14C55B44-2063-4891-98BE-8184CAB1BE87}.Debug|Any CPU.ActiveCfg = Debug|Any CPU
		{14C55B44-2063-4891-98BE-8184CAB1BE87}.Debug|Any CPU.Build.0 = Debug|Any CPU
		{14C55B44-2063-4891-98BE-8184CAB1BE87}.Debug|x64.ActiveCfg = Debug|Any CPU
		{14C55B44-2063-4891-98BE-8184CAB1BE87}.Debug|x64.Build.0 = Debug|Any CPU
		{14C55B44-2063-4891-98BE-8184CAB1BE87}.Debug|x86.ActiveCfg = Debug|Any CPU
		{14C55B44-2063-4891-98BE-8184CAB1BE87}.Debug|x86.Build.0 = Debug|Any CPU
		{14C55B44-2063-4891-98BE-8184CAB1BE87}.Release|Any CPU.ActiveCfg = Release|Any CPU
		{14C55B44-2063-4891-98BE-8184CAB1BE87}.Release|Any CPU.Build.0 = Release|Any CPU
		{14C55B44-2063-4891-98BE-8184CAB1BE87}.Release|x64.ActiveCfg = Release|Any CPU
		{14C55B44-2063-4891-98BE-8184CAB1BE87}.Release|x64.Build.0 = Release|Any CPU
		{14C55B44-2063-4891-98BE-8184CAB1BE87}.Release|x86.ActiveCfg = Release|Any CPU
		{14C55B44-2063-4891-98BE-8184CAB1BE87}.Release|x86.Build.0 = Release|Any CPU
		{C58701B0-D8E3-4B68-A7DE-8524C95F86C0}.Debug|Any CPU.ActiveCfg = Debug|Any CPU
		{C58701B0-D8E3-4B68-A7DE-8524C95F86C0}.Debug|Any CPU.Build.0 = Debug|Any CPU
		{C58701B0-D8E3-4B68-A7DE-8524C95F86C0}.Debug|x64.ActiveCfg = Debug|Any CPU
		{C58701B0-D8E3-4B68-A7DE-8524C95F86C0}.Debug|x64.Build.0 = Debug|Any CPU
		{C58701B0-D8E3-4B68-A7DE-8524C95F86C0}.Debug|x86.ActiveCfg = Debug|Any CPU
		{C58701B0-D8E3-4B68-A7DE-8524C95F86C0}.Debug|x86.Build.0 = Debug|Any CPU
		{C58701B0-D8E3-4B68-A7DE-8524C95F86C0}.Release|Any CPU.ActiveCfg = Release|Any CPU
		{C58701B0-D8E3-4B68-A7DE-8524C95F86C0}.Release|Any CPU.Build.0 = Release|Any CPU
		{C58701B0-D8E3-4B68-A7DE-8524C95F86C0}.Release|x64.ActiveCfg = Release|Any CPU
		{C58701B0-D8E3-4B68-A7DE-8524C95F86C0}.Release|x64.Build.0 = Release|Any CPU
		{C58701B0-D8E3-4B68-A7DE-8524C95F86C0}.Release|x86.ActiveCfg = Release|Any CPU
		{C58701B0-D8E3-4B68-A7DE-8524C95F86C0}.Release|x86.Build.0 = Release|Any CPU
		{0CD029D8-B39E-4CBE-A190-C84A7A811180}.Debug|Any CPU.ActiveCfg = Debug|Any CPU
		{0CD029D8-B39E-4CBE-A190-C84A7A811180}.Debug|Any CPU.Build.0 = Debug|Any CPU
		{0CD029D8-B39E-4CBE-A190-C84A7A811180}.Debug|x64.ActiveCfg = Debug|Any CPU
		{0CD029D8-B39E-4CBE-A190-C84A7A811180}.Debug|x64.Build.0 = Debug|Any CPU
		{0CD029D8-B39E-4CBE-A190-C84A7A811180}.Debug|x86.ActiveCfg = Debug|Any CPU
		{0CD029D8-B39E-4CBE-A190-C84A7A811180}.Debug|x86.Build.0 = Debug|Any CPU
		{0CD029D8-B39E-4CBE-A190-C84A7A811180}.Release|Any CPU.ActiveCfg = Release|Any CPU
		{0CD029D8-B39E-4CBE-A190-C84A7A811180}.Release|Any CPU.Build.0 = Release|Any CPU
		{0CD029D8-B39E-4CBE-A190-C84A7A811180}.Release|x64.ActiveCfg = Release|Any CPU
		{0CD029D8-B39E-4CBE-A190-C84A7A811180}.Release|x64.Build.0 = Release|Any CPU
		{0CD029D8-B39E-4CBE-A190-C84A7A811180}.Release|x86.ActiveCfg = Release|Any CPU
		{0CD029D8-B39E-4CBE-A190-C84A7A811180}.Release|x86.Build.0 = Release|Any CPU
		{C6CE23AF-EDCE-49ED-AC2F-8AD595C30CD8}.Debug|Any CPU.ActiveCfg = Debug|Any CPU
		{C6CE23AF-EDCE-49ED-AC2F-8AD595C30CD8}.Debug|Any CPU.Build.0 = Debug|Any CPU
		{C6CE23AF-EDCE-49ED-AC2F-8AD595C30CD8}.Debug|x64.ActiveCfg = Debug|Any CPU
		{C6CE23AF-EDCE-49ED-AC2F-8AD595C30CD8}.Debug|x64.Build.0 = Debug|Any CPU
		{C6CE23AF-EDCE-49ED-AC2F-8AD595C30CD8}.Debug|x86.ActiveCfg = Debug|Any CPU
		{C6CE23AF-EDCE-49ED-AC2F-8AD595C30CD8}.Debug|x86.Build.0 = Debug|Any CPU
		{C6CE23AF-EDCE-49ED-AC2F-8AD595C30CD8}.Release|Any CPU.ActiveCfg = Release|Any CPU
		{C6CE23AF-EDCE-49ED-AC2F-8AD595C30CD8}.Release|Any CPU.Build.0 = Release|Any CPU
		{C6CE23AF-EDCE-49ED-AC2F-8AD595C30CD8}.Release|x64.ActiveCfg = Release|Any CPU
		{C6CE23AF-EDCE-49ED-AC2F-8AD595C30CD8}.Release|x64.Build.0 = Release|Any CPU
		{C6CE23AF-EDCE-49ED-AC2F-8AD595C30CD8}.Release|x86.ActiveCfg = Release|Any CPU
		{C6CE23AF-EDCE-49ED-AC2F-8AD595C30CD8}.Release|x86.Build.0 = Release|Any CPU
		{2C67BFBE-0963-4BD6-B292-7CF838C153C3}.Debug|Any CPU.ActiveCfg = Debug|Any CPU
		{2C67BFBE-0963-4BD6-B292-7CF838C153C3}.Debug|Any CPU.Build.0 = Debug|Any CPU
		{2C67BFBE-0963-4BD6-B292-7CF838C153C3}.Debug|x64.ActiveCfg = Debug|Any CPU
		{2C67BFBE-0963-4BD6-B292-7CF838C153C3}.Debug|x64.Build.0 = Debug|Any CPU
		{2C67BFBE-0963-4BD6-B292-7CF838C153C3}.Debug|x86.ActiveCfg = Debug|Any CPU
		{2C67BFBE-0963-4BD6-B292-7CF838C153C3}.Debug|x86.Build.0 = Debug|Any CPU
		{2C67BFBE-0963-4BD6-B292-7CF838C153C3}.Release|Any CPU.ActiveCfg = Release|Any CPU
		{2C67BFBE-0963-4BD6-B292-7CF838C153C3}.Release|Any CPU.Build.0 = Release|Any CPU
		{2C67BFBE-0963-4BD6-B292-7CF838C153C3}.Release|x64.ActiveCfg = Release|Any CPU
		{2C67BFBE-0963-4BD6-B292-7CF838C153C3}.Release|x64.Build.0 = Release|Any CPU
		{2C67BFBE-0963-4BD6-B292-7CF838C153C3}.Release|x86.ActiveCfg = Release|Any CPU
		{2C67BFBE-0963-4BD6-B292-7CF838C153C3}.Release|x86.Build.0 = Release|Any CPU
		{C7B0B178-79BD-4071-B134-17ABA3168EC4}.Debug|Any CPU.ActiveCfg = Debug|Any CPU
		{C7B0B178-79BD-4071-B134-17ABA3168EC4}.Debug|Any CPU.Build.0 = Debug|Any CPU
		{C7B0B178-79BD-4071-B134-17ABA3168EC4}.Debug|x64.ActiveCfg = Debug|Any CPU
		{C7B0B178-79BD-4071-B134-17ABA3168EC4}.Debug|x64.Build.0 = Debug|Any CPU
		{C7B0B178-79BD-4071-B134-17ABA3168EC4}.Debug|x86.ActiveCfg = Debug|Any CPU
		{C7B0B178-79BD-4071-B134-17ABA3168EC4}.Debug|x86.Build.0 = Debug|Any CPU
		{C7B0B178-79BD-4071-B134-17ABA3168EC4}.Release|Any CPU.ActiveCfg = Release|Any CPU
		{C7B0B178-79BD-4071-B134-17ABA3168EC4}.Release|Any CPU.Build.0 = Release|Any CPU
		{C7B0B178-79BD-4071-B134-17ABA3168EC4}.Release|x64.ActiveCfg = Release|Any CPU
		{C7B0B178-79BD-4071-B134-17ABA3168EC4}.Release|x64.Build.0 = Release|Any CPU
		{C7B0B178-79BD-4071-B134-17ABA3168EC4}.Release|x86.ActiveCfg = Release|Any CPU
		{C7B0B178-79BD-4071-B134-17ABA3168EC4}.Release|x86.Build.0 = Release|Any CPU
	EndGlobalSection
	GlobalSection(SolutionProperties) = preSolution
		HideSolutionNode = FALSE
	EndGlobalSection
	GlobalSection(NestedProjects) = preSolution
		{6FE2E08A-9F3F-4C7C-B190-77C46AE147D7} = {443E0B8D-9AD0-436E-A331-E8CC12965F07}
		{38C1F619-3E1E-4784-9833-E8A2AA95CDAE} = {BA56455D-4AEA-45FC-A569-027A68A76BA6}
		{14C55B44-2063-4891-98BE-8184CAB1BE87} = {443E0B8D-9AD0-436E-A331-E8CC12965F07}
		{C58701B0-D8E3-4B68-A7DE-8524C95F86C0} = {443E0B8D-9AD0-436E-A331-E8CC12965F07}
		{C6CE23AF-EDCE-49ED-AC2F-8AD595C30CD8} = {443E0B8D-9AD0-436E-A331-E8CC12965F07}
		{B093584B-EEA2-D526-B6EB-76B356047302} = {443E0B8D-9AD0-436E-A331-E8CC12965F07}
		{2C67BFBE-0963-4BD6-B292-7CF838C153C3} = {B093584B-EEA2-D526-B6EB-76B356047302}
		{C7B0B178-79BD-4071-B134-17ABA3168EC4} = {B093584B-EEA2-D526-B6EB-76B356047302}
	EndGlobalSection
	GlobalSection(ExtensibilityGlobals) = postSolution
		SolutionGuid = {1C4EE83B-632A-4929-8C96-38F14254229E}
	EndGlobalSection
	GlobalSection(MonoDevelopProperties) = preSolution
		StartupItem = FsAutoComplete\FsAutoComplete.fsproj
	EndGlobalSection
EndGlobal
