
Microsoft Visual Studio Solution File, Format Version 12.00
# Visual Studio 2013
VisualStudioVersion = 12.0.30501.0
MinimumVisualStudioVersion = 10.0.40219.1
Project("{2150E333-8FDC-42A3-9474-1A3956D46DE8}") = ".paket", ".paket", "{1BE8AF57-B314-4C92-82A9-64CD9B7A4990}"
	ProjectSection(SolutionItems) = preProject
		paket.dependencies = paket.dependencies
	EndProjectSection
EndProject
Project("{F2A71F9B-5D33-465A-A702-920D77279786}") = "FsAutoComplete", "FsAutoComplete\FsAutoComplete.fsproj", "{B6AB4EF3-8F60-41A1-AB0C-851A6DEB169E}"
EndProject
Project("{F2A71F9B-5D33-465A-A702-920D77279786}") = "FsAutoComplete.Tests", "FsAutoComplete.Tests\FsAutoComplete.Tests.fsproj", "{F5EBDD99-5ED7-4311-A5CB-7CFCE696FF88}"
EndProject
Global
	GlobalSection(SolutionConfigurationPlatforms) = preSolution
		Debug|Any CPU = Debug|Any CPU
		Release|Any CPU = Release|Any CPU
	EndGlobalSection
	GlobalSection(ProjectConfigurationPlatforms) = postSolution
		{B6AB4EF3-8F60-41A1-AB0C-851A6DEB169E}.Debug|Any CPU.ActiveCfg = Debug|Any CPU
		{B6AB4EF3-8F60-41A1-AB0C-851A6DEB169E}.Debug|Any CPU.Build.0 = Debug|Any CPU
		{B6AB4EF3-8F60-41A1-AB0C-851A6DEB169E}.Release|Any CPU.ActiveCfg = Release|Any CPU
		{B6AB4EF3-8F60-41A1-AB0C-851A6DEB169E}.Release|Any CPU.Build.0 = Release|Any CPU
		{F5EBDD99-5ED7-4311-A5CB-7CFCE696FF88}.Debug|Any CPU.ActiveCfg = Debug|Any CPU
		{F5EBDD99-5ED7-4311-A5CB-7CFCE696FF88}.Debug|Any CPU.Build.0 = Debug|Any CPU
		{F5EBDD99-5ED7-4311-A5CB-7CFCE696FF88}.Release|Any CPU.ActiveCfg = Release|Any CPU
		{F5EBDD99-5ED7-4311-A5CB-7CFCE696FF88}.Release|Any CPU.Build.0 = Release|Any CPU
	EndGlobalSection
	GlobalSection(SolutionProperties) = preSolution
		HideSolutionNode = FALSE
	EndGlobalSection
	GlobalSection(MonoDevelopProperties) = preSolution
		StartupItem = FsAutoComplete\FsAutoComplete.fsproj
	EndGlobalSection
EndGlobal
